PODS:
  - DynamicButton (3.1.0)
  - SKDesignableButton (0.1.0)

DEPENDENCIES:
  - DynamicButton
  - SKDesignableButton (from `../`)

EXTERNAL SOURCES:
  SKDesignableButton:
    :path: "../"

SPEC CHECKSUMS:
  DynamicButton: 37968af761a31274aeac427f40204688fa810342
  SKDesignableButton: 9f4b78f953c7e93c83cd77c27032536b6b7c18fa

PODFILE CHECKSUM: dd8417319451a510f82f21ac3e380b0400783d95

COCOAPODS: 1.1.1
